# THIS IS AN AUTOGENERATED FILE. DO NOT EDIT THIS FILE DIRECTLY.
# yarn lockfile v1


"@oxfmt/binding-android-arm-eabi@0.66.0":
  version "0.66.0"
  resolved "https://registry.yarnpkg.com/@oxfmt/binding-android-arm-eabi/-/binding-android-arm-eabi-0.66.0.tgz#81935e074d88a7da5afc731d4cc74bb1763aa3f1"
  integrity sha512-2Me9eoptv6ERdEuI2P8AOlYdHHraXebJaM6SC0kc2Dfb+mLrep2db+fedBPKaYn673h/vBgvP4tkOdAbaudX6w==

"@oxfmt/binding-android-arm64@0.66.0":
  version "0.66.0"
  resolved "https://registry.yarnpkg.com/@oxfmt/binding-android-arm64/-/binding-android-arm64-0.66.0.tgz#ea52efcaff8f7d708a61119124b36e656b0d74ca"
  integrity sha512-u7O+bSSF0HGsDKkQQxBqvLGVepu93RA+JKu+ONqvfh4sCnCEbj31wZj4iG5gk3XfRwrmYj0/8catkO2LcblQKQ==

"@oxfmt/binding-darwin-arm64@0.66.0":
  version "0.66.0"
  resolved "https://registry.yarnpkg.com/@oxfmt/binding-darwin-arm64/-/binding-darwin-arm64-0.66.0.tgz#620dfd8993f71e557b169eeda792203d15698061"
  integrity sha512-/ikyMIVjX/sdo7KtjxoEsSUosfPzveVhT9RWMx9yGqFDKFJ89JAEKuEeLBmurDjrkb4w8tOnAdSO3SBaplY3bw==

"@oxfmt/binding-darwin-x64@0.66.0":
  version "0.66.0"
  resolved "https://registry.yarnpkg.com/@oxfmt/binding-darwin-x64/-/binding-darwin-x64-0.66.0.tgz#9f45ff27d347283fdc2a79b87cd67cc40204a46e"
  integrity sha512-q5xUsKeFqawa9NXa6ZGXWimFV19m8MogKPdTaSVDAAk2EQKBmBZRDeluwcl1p8ty/OFc9s9888OKEh3xfPVH0g==

"@oxfmt/binding-freebsd-x64@0.66.0":
  version "0.66.0"
  resolved "https://registry.yarnpkg.com/@oxfmt/binding-freebsd-x64/-/binding-freebsd-x64-0.66.0.tgz#5c04bc6fea57c0829d06698c480331019acf57f3"
  integrity sha512-CR+x4VzMY0pRXLK/xFQ/RzsSFkP5t2Z2mef0QY6OP/rTRcMUoMLCOM62/3Fp/t0K+UDoBKxvMyeb6D0zPMjleA==

"@oxfmt/binding-linux-arm-gnueabihf@0.66.0":
  version "0.66.0"
  resolved "https://registry.yarnpkg.com/@oxfmt/binding-linux-arm-gnueabihf/-/binding-linux-arm-gnueabihf-0.66.0.tgz#c343c923fb1acab9b22bf411ad7feb12ee9c415a"
  integrity sha512-ZEYmO/LbH9tTQCADILHGZE4GeOXOAj2VzedHkASNwjmwlwtutJCLpCJbIs37wRGTFgWRoEcD72jpMX+IBJUGjQ==

"@oxfmt/binding-linux-arm-musleabihf@0.66.0":
  version "0.66.0"
  resolved "https://registry.yarnpkg.com/@oxfmt/binding-linux-arm-musleabihf/-/binding-linux-arm-musleabihf-0.66.0.tgz#ec038e354a0b4fa903eaaf29b7e70b3ea0ce4956"
  integrity sha512-hNtR9/oU0CeTkq7JnRkmBQwqe17v2ZaAMLC4VcN7IIOWeRyWDk0knSPWS9iiLmtbZ2RRBBtsG01jQgkZmKCJeQ==

"@oxfmt/binding-linux-arm64-gnu@0.66.0":
  version "0.66.0"
  resolved "https://registry.yarnpkg.com/@oxfmt/binding-linux-arm64-gnu/-/binding-linux-arm64-gnu-0.66.0.tgz#11b3a1d966acbb65cb76238594fa62b68d226109"
  integrity sha512-uwOVQ8i6I1LT/+eDzfsgrrcZp8Fn6NPVUPn8fF5gdFGekFf0PddF+LEuwsD0/pbNUcKZhDj2rQ5UpITh9gF4iQ==

"@oxfmt/binding-linux-arm64-musl@0.66.0":
  version "0.66.0"
  resolved "https://registry.yarnpkg.com/@oxfmt/binding-linux-arm64-musl/-/binding-linux-arm64-musl-0.66.0.tgz#b441c3255ff3cecf393a15e4393e2bc506c59dba"
  integrity sha512-tTkF2Dmx4nGAjmBlZb+UtTGqR/EK4ZrW9qBfzte07a9XWqzoGGKzpFFlyNDhQe+Uwql94+ReCTeNbhOXscw1Dg==

"@oxfmt/binding-linux-ppc64-gnu@0.66.0":
  version "0.66.0"
  resolved "https://registry.yarnpkg.com/@oxfmt/binding-linux-ppc64-gnu/-/binding-linux-ppc64-gnu-0.66.0.tgz#8300b1420ffab047d07527ae78776f331f5aeef6"
  integrity sha512-F3cKHUav4yXOHn6GFnwpBhSYsJOYKKf9eqO/9jlEuqPxNw9zb98E9ZFct79gcg8pibUGkbveEu9WDlmXJpDzKw==

"@oxfmt/binding-linux-riscv64-gnu@0.66.0":
  version "0.66.0"
  resolved "https://registry.yarnpkg.com/@oxfmt/binding-linux-riscv64-gnu/-/binding-linux-riscv64-gnu-0.66.0.tgz#58718cadbd2e876414802ffd2445b61063f496fc"
  integrity sha512-K5fDaNZfDyQMYA/3qL21bqyN0X9T15LLwwbFPt2aHc94+ZG7bh0vZEsy2y7NlRnjjHFSwN+Hzg6ldJtbOriH4Q==

"@oxfmt/binding-linux-riscv64-musl@0.66.0":
  version "0.66.0"
  resolved "https://registry.yarnpkg.com/@oxfmt/binding-linux-riscv64-musl/-/binding-linux-riscv64-musl-0.66.0.tgz#f397a34335356dacaefc5e3e9fb4a58de7d9c0c8"
  integrity sha512-44Yc+I+qOmTElRcEhm5hUKIUJEQIOugymz4ua4tB0Wox7tGAfIbjzmXz/HDAtw1Ij6gmBwZlzh4hc9679RhWeA==

"@oxfmt/binding-linux-s390x-gnu@0.66.0":
  version "0.66.0"
  resolved "https://registry.yarnpkg.com/@oxfmt/binding-linux-s390x-gnu/-/binding-linux-s390x-gnu-0.66.0.tgz#4d0d9f6c18136836d9e366f366d1cd5afff0f1c0"
  integrity sha512-1e29Eg9hEj2kRBB19M0seIehPbbXHCk35GvImjDvb79rjjYjXCRmtbUNHJcgoktZAMIzXrTbxDBKmTc1V4bg3A==

"@oxfmt/binding-linux-x64-gnu@0.66.0":
  version "0.66.0"
  resolved "https://registry.yarnpkg.com/@oxfmt/binding-linux-x64-gnu/-/binding-linux-x64-gnu-0.66.0.tgz#cd02a84ea2ac21d5267592d947a0df7234ad5a7a"
  integrity sha512-vODY1UQo10gngn0+D4xHKU84F1Twm1LqrzV4SqPXvmQKSd87paehvZ6jqA5wKs6XQrlWul9clYMDVHcoW9CPMA==

"@oxfmt/binding-linux-x64-musl@0.66.0":
  version "0.66.0"
  resolved "https://registry.yarnpkg.com/@oxfmt/binding-linux-x64-musl/-/binding-linux-x64-musl-0.66.0.tgz#9b3066ef25ee4c011dbda21cd96479b645997c58"
  integrity sha512-YDzXx2JsT4+HL4MdkVrYjO55NS5lUKNm8rLC4ZPou8+seu0v0jhecSh+ufoO6+xEa8gccEezMlI2WHJi4ApUgw==

"@oxfmt/binding-openharmony-arm64@0.66.0":
  version "0.66.0"
  resolved "https://registry.yarnpkg.com/@oxfmt/binding-openharmony-arm64/-/binding-openharmony-arm64-0.66.0.tgz#7d0e493670a2e6b8a15d03698be7eabb40234976"
  integrity sha512-mJjUYd8lj0+j4JkYyEM+5qKBf1Rnrpgjn/SVYKJhicVDqLz566ooa7Fs8zflPqt+dnZDV7X054rVIQX6ZcQNlQ==

"@oxfmt/binding-win32-arm64-msvc@0.66.0":
  version "0.66.0"
  resolved "https://registry.yarnpkg.com/@oxfmt/binding-win32-arm64-msvc/-/binding-win32-arm64-msvc-0.66.0.tgz#3d20c363517caea2ddc6621641216d1f099ce5d8"
  integrity sha512-soV+0vESv7e5ntCHWC61x4gg8OSak6IHHnWsZmHrJFlvMj2AK+kmldErCNkVkrvc1Ts2/++rJXn+IuAb2WMXhw==

"@oxfmt/binding-win32-ia32-msvc@0.66.0":
  version "0.66.0"
  resolved "https://registry.yarnpkg.com/@oxfmt/binding-win32-ia32-msvc/-/binding-win32-ia32-msvc-0.66.0.tgz#19f58a4532b4499ea14bf1a740d5fe1be7640e36"
  integrity sha512-YCPi23uRIEYuIKTZohAkKbPFpujQ5QBuUM5iDv+UqbCmTPAkaFsxjsSuB8xlBpRT0G7eP/4HMF+cPDSqHtOD9A==

"@oxfmt/binding-win32-x64-msvc@0.66.0":
  version "0.66.0"
  resolved "https://registry.yarnpkg.com/@oxfmt/binding-win32-x64-msvc/-/binding-win32-x64-msvc-0.66.0.tgz#6a427d9080a54713e59dcef338b13a870df888ea"
  integrity sha512-bwTQcv/JVRPkOqQtMF0X7vpvpncDQiBcXHxZ9S2hR12Hlo8bvBdUR5x5XnxzDZ3kM0qoZw1rv7KaD66Ly+pFWA==

"@oxlint-tsgolint/darwin-arm64@7.0.2001":
  version "7.0.2001"
  resolved "https://registry.yarnpkg.com/@oxlint-tsgolint/darwin-arm64/-/darwin-arm64-7.0.2001.tgz#a270683cda2f012d0d5011370bd06384c6bee900"
  integrity sha512-CUJEdbSZ54+Xy9OXqOhWLTKZKV0BBiV7C2i/ygyVmXtkUNXx5YCzN8DpSSshTAKktoL7S+tnQ/ftFG/i7X896w==

"@oxlint-tsgolint/darwin-x64@7.0.2001":
  version "7.0.2001"
  resolved "https://registry.yarnpkg.com/@oxlint-tsgolint/darwin-x64/-/darwin-x64-7.0.2001.tgz#3e93bdf6c8b6668d45c098983f71e269f171cd75"
  integrity sha512-pXfBb5BqONCcgrXQNUZWXgiYmRSWJzd97S8i41VVOh6ut0tyo+cJ5FKFpczDHxiVNfj/3e7c9B4MtztNdpIVCw==

"@oxlint-tsgolint/linux-arm64@7.0.2001":
  version "7.0.2001"
  resolved "https://registry.yarnpkg.com/@oxlint-tsgolint/linux-arm64/-/linux-arm64-7.0.2001.tgz#7f335b178f011ba30da27f44e743613d5fd6cc20"
  integrity sha512-roP7zujb/QDPzDwEKsFFpzNHHy91/Y7oX9vQXk78ekyZtcQj1QXDIMH33gjDdHBfRl4K9pZ36xhRgrP4Zr+R8A==

"@oxlint-tsgolint/linux-x64@7.0.2001":
  version "7.0.2001"
  resolved "https://registry.yarnpkg.com/@oxlint-tsgolint/linux-x64/-/linux-x64-7.0.2001.tgz#2805be8c183283994436a156c7961c4f5d490990"
  integrity sha512-UDezNqdECVmngu2TPnjaS1YoAmcTaBoI5lV9vk3VahBxoi+I5r9k3iJTT7qZoYWOXTD/7T7bNcwRgrocR6BscQ==

"@oxlint-tsgolint/win32-arm64@7.0.2001":
  version "7.0.2001"
  resolved "https://registry.yarnpkg.com/@oxlint-tsgolint/win32-arm64/-/win32-arm64-7.0.2001.tgz#226c7779b0e1bfe970746e8d479a18fabc2f915e"
  integrity sha512-uJZhqB6pdXLuN+AD1F5082byyQti/NPmJA77GtcFlmT2HzRelqbNls3SaIqxpjdFgvSBF9g0yOKGBkGFg7kX8Q==

"@oxlint-tsgolint/win32-x64@7.0.2001":
  version "7.0.2001"
  resolved "https://registry.yarnpkg.com/@oxlint-tsgolint/win32-x64/-/win32-x64-7.0.2001.tgz#814bcdd2707fa8ab1ae0f0b51a7243b034d2833a"
  integrity sha512-FkDRm8hx9OwzGQqyWG1tO5QrTLRApff9DzSgpz9QZau37BR8d1VYKOxMLGf6shPZntJFoTwIIJYT68VndYDCog==

"@oxlint/binding-android-arm-eabi@1.81.0":
  version "1.81.0"
  resolved "https://registry.yarnpkg.com/@oxlint/binding-android-arm-eabi/-/binding-android-arm-eabi-1.81.0.tgz#86a0305480e680431429c8259c5701ac5592e4a7"
  integrity sha512-IcCRsXiedJoJopY6mpZUBEeVFsUrutmrG7dZ87zMuKJlhg70Ora9bBl1WcCxZQtyI10YpnVdEso5oCg7YcfSHw==

"@oxlint/binding-android-arm64@1.81.0":
  version "1.81.0"
  resolved "https://registry.yarnpkg.com/@oxlint/binding-android-arm64/-/binding-android-arm64-1.81.0.tgz#dba51cb2a1258f37eaca15a4e74d5d6ee19f238c"
  integrity sha512-GRrIPyTGVhx3L3h+0T5xT2A0jFAcdPv4+IfuXpGDLIdl6XeYhgg/zw72A5ILZoUgRqZuM8F1y+V/gfDriXSxzQ==

"@oxlint/binding-darwin-arm64@1.81.0":
  version "1.81.0"
  resolved "https://registry.yarnpkg.com/@oxlint/binding-darwin-arm64/-/binding-darwin-arm64-1.81.0.tgz#f384ae1eddd399429281f88a0073729e287ec0b1"
  integrity sha512-qNQ9tXRgLuKbqSV1S2h9h4KPHjbovO7RRR2/enUOtHzTkFZ7B9X5zqqHJua8dRyc7dBy7Aoyq5pqTSLFVcAzGQ==

"@oxlint/binding-darwin-x64@1.81.0":
  version "1.81.0"
  resolved "https://registry.yarnpkg.com/@oxlint/binding-darwin-x64/-/binding-darwin-x64-1.81.0.tgz#7167e3b4c18852fcd1ddade536d232d73d55d30c"
  integrity sha512-q0QTm32jWga2Gv4j7IaVZN0jYMi9UV73sWVgFtDA4iIfqwMCLLZ3ve+9KwfYtsaKZSgQhmPaogeZWqDZpcY1Pw==

"@oxlint/binding-freebsd-x64@1.81.0":
  version "1.81.0"
  resolved "https://registry.yarnpkg.com/@oxlint/binding-freebsd-x64/-/binding-freebsd-x64-1.81.0.tgz#64f230765343bfe7e2280b071bb191bb666303ac"
  integrity sha512-/+8wVWDXEC7wHVAhOc59Fw/SkMc1arLkFD8iQCaSsmzenK1X4doFqquL9H1wrtGUzaiycVqkf/sSpcILK6W1UA==

"@oxlint/binding-linux-arm-gnueabihf@1.81.0":
  version "1.81.0"
  resolved "https://registry.yarnpkg.com/@oxlint/binding-linux-arm-gnueabihf/-/binding-linux-arm-gnueabihf-1.81.0.tgz#5095f021a28009146f7536a7ccd518cdfcbfc3bf"
  integrity sha512-4xt422FEgioRq9hAL4Tq7fujGUWnc8z1BJ+Oi8RN8vB8axaP+sdK6a2xdlcQCCYnJg9QMuMFS0AucuIFx/EacA==

"@oxlint/binding-linux-arm-musleabihf@1.81.0":
  version "1.81.0"
  resolved "https://registry.yarnpkg.com/@oxlint/binding-linux-arm-musleabihf/-/binding-linux-arm-musleabihf-1.81.0.tgz#d894dcfb6fb1b8b224b79e6ce07b17403f413749"
  integrity sha512-u3vna8KdGplH4DRCW9K54D68fcMo7IxVrkCJWwXnIhwtBdnDnYrmzOUA/XjmBlPpcLsgw9Z5BNdY4za9+Dj+MQ==

"@oxlint/binding-linux-arm64-gnu@1.81.0":
  version "1.81.0"
  resolved "https://registry.yarnpkg.com/@oxlint/binding-linux-arm64-gnu/-/binding-linux-arm64-gnu-1.81.0.tgz#bf8e362c87e7828ba28c2ec36bae73ad82989ef1"
  integrity sha512-3j9k+gsYsE7nv71GWotXsqsa2l9/aJenD7dVHNt/CBvsb0SgRjSMnHFeP59IXUAl1wvVFhqGl2wJNMwWU3UBlA==

"@oxlint/binding-linux-arm64-musl@1.81.0":
  version "1.81.0"
  resolved "https://registry.yarnpkg.com/@oxlint/binding-linux-arm64-musl/-/binding-linux-arm64-musl-1.81.0.tgz#2aa5214eb5b032e8f77d94a27c9bd3f6dbc446f3"
  integrity sha512-k5iAp3dNxW0/uDCBY+WSm8jKB2szu7SkEQZdgRRpDXvuDd69vvDcqhB3A/pWCfCwXyenjNjFn9Td1fVoyAc+Yg==

"@oxlint/binding-linux-ppc64-gnu@1.81.0":
  version "1.81.0"
  resolved "https://registry.yarnpkg.com/@oxlint/binding-linux-ppc64-gnu/-/binding-linux-ppc64-gnu-1.81.0.tgz#a0af1af6fd309214555f33b4fa0432f3ec45f242"
  integrity sha512-TFqLja3uYmVSte6nof9GWrex9Z8WgdZrNiLC6Te5rXGDqXB2y4j/26iFhwosXiAFqDhE9JJVuuCkDKLwptTn1g==

"@oxlint/binding-linux-riscv64-gnu@1.81.0":
  version "1.81.0"
  resolved "https://registry.yarnpkg.com/@oxlint/binding-linux-riscv64-gnu/-/binding-linux-riscv64-gnu-1.81.0.tgz#60413a335a63e0911a625d047690e41c03f2a833"
  integrity sha512-UEcySvGS0NOVo7h7n7CYyJL9+6gFAh7Zc/ToDXVScFvzHSTIxtzkMVU30rmQ6+nQ1LF+UdiRDdJajpDu+OylLg==

"@oxlint/binding-linux-riscv64-musl@1.81.0":
  version "1.81.0"
  resolved "https://registry.yarnpkg.com/@oxlint/binding-linux-riscv64-musl/-/binding-linux-riscv64-musl-1.81.0.tgz#5f1dd7bc2bdbe92fa5454df081ee91fa2c499948"
  integrity sha512-H+diDbhD00+wI1IRP8Kz88x/lat+DgtoBJzoTthS16xkTJGNaEkfb8gzmd1rzc/2uDQQMl7GNl+JFUacVeWxIA==

"@oxlint/binding-linux-s390x-gnu@1.81.0":
  version "1.81.0"
  resolved "https://registry.yarnpkg.com/@oxlint/binding-linux-s390x-gnu/-/binding-linux-s390x-gnu-1.81.0.tgz#830c5bdd145ad39c9b5371e3214d0a9f9c1f46b1"
  integrity sha512-8znJ/5TekjOKg1j1Acho4PJMdiAHLtlcXuWEiipOhAMV6rQcXdmDdXCbheyDczN6TjBwiNfjcP81k4AthrKRzw==

"@oxlint/binding-linux-x64-gnu@1.81.0":
  version "1.81.0"
  resolved "https://registry.yarnpkg.com/@oxlint/binding-linux-x64-gnu/-/binding-linux-x64-gnu-1.81.0.tgz#7f72ea3c9ae70a76c1a92e56a5755869f335e756"
  integrity sha512-Q2Wj70yFsvn5QjlmifFzbj4H+kJy53bwqc41o1fzoM7MpLV1NIbhg/LpWXRfC6KOkSAdUx1Wd8VJsdPmhp/HRA==

"@oxlint/binding-linux-x64-musl@1.81.0":
  version "1.81.0"
  resolved "https://registry.yarnpkg.com/@oxlint/binding-linux-x64-musl/-/binding-linux-x64-musl-1.81.0.tgz#758fd6ea69123c6f4c1ba160bfc28f6b84548c11"
  integrity sha512-cPInHp/ddEe5qkyK2IiyQ8Q3Mp2oLLEhhsGgTK2oZx4L6+llGam1H1yBvJZ7qHfOXj8N3hxBS8sj4tO+gtFlIg==

"@oxlint/binding-openharmony-arm64@1.81.0":
  version "1.81.0"
  resolved "https://registry.yarnpkg.com/@oxlint/binding-openharmony-arm64/-/binding-openharmony-arm64-1.81.0.tgz#e492b7a1875b70ea55ffe13f685d4302e6b1900e"
  integrity sha512-0CQxSX4ajqm07AHBf5U33qQzXKdd7wtq/oTL/7vpY6RNNuxrRi8W4bqUV1Jyu/vj+9KmxQyDhxfeVX1nQL6kfg==

"@oxlint/binding-win32-arm64-msvc@1.81.0":
  version "1.81.0"
  resolved "https://registry.yarnpkg.com/@oxlint/binding-win32-arm64-msvc/-/binding-win32-arm64-msvc-1.81.0.tgz#9247fdc1b4c86ecc718747c5f8c68902969677d1"
  integrity sha512-l0hbeISm9673hVrrQU8j/p2M7YH9Ouoj7p7E/QM55NTrKVLP+P3PF8hLu+OY+x0VtGRW+ggiQKZqmdYps9H+TA==

"@oxlint/binding-win32-ia32-msvc@1.81.0":
  version "1.81.0"
  resolved "https://registry.yarnpkg.com/@oxlint/binding-win32-ia32-msvc/-/binding-win32-ia32-msvc-1.81.0.tgz#dfa4eed78612c5f4df788eb056fd5d1b05a75bb1"
  integrity sha512-ksqPP5jbFXcYreEQ7zdJh06rJQBymCTyGRCdaXjfcf2aG4f8KxUWY5wcgYHmaTK+FJ4bPG5sUAdOX+6trnH1JA==

"@oxlint/binding-win32-x64-msvc@1.81.0":
  version "1.81.0"
  resolved "https://registry.yarnpkg.com/@oxlint/binding-win32-x64-msvc/-/binding-win32-x64-msvc-1.81.0.tgz#27a474cc288e47a0e5c2d9c922bee64de0cfd614"
  integrity sha512-IZuUCwGw9emG5JtCp+fYGB+Z4OWEoeEcM8R5BA1pYw63/ieYFVdcU2ylxTpHbVHSenZnsYE+ZZ20uHAJszQ4cA==

oxfmt@0.66.0:
  version "0.66.0"
  resolved "https://registry.yarnpkg.com/oxfmt/-/oxfmt-0.66.0.tgz#4b1e831d31676a2a8fc9e85551115ffa778515a7"
  integrity sha512-FfvqR8RFtV6JJpRrpkfqyVCQ7HDvZ/VriWFx7veftCgL1B5ZO9qNr+1rvPieycMQnNfVG0PWyJQiy7p0hq1I5w==
  dependencies:
    tinypool "2.1.0"
  optionalDependencies:
    "@oxfmt/binding-android-arm-eabi" "0.66.0"
    "@oxfmt/binding-android-arm64" "0.66.0"
    "@oxfmt/binding-darwin-arm64" "0.66.0"
    "@oxfmt/binding-darwin-x64" "0.66.0"
    "@oxfmt/binding-freebsd-x64" "0.66.0"
    "@oxfmt/binding-linux-arm-gnueabihf" "0.66.0"
    "@oxfmt/binding-linux-arm-musleabihf" "0.66.0"
    "@oxfmt/binding-linux-arm64-gnu" "0.66.0"
    "@oxfmt/binding-linux-arm64-musl" "0.66.0"
    "@oxfmt/binding-linux-ppc64-gnu" "0.66.0"
    "@oxfmt/binding-linux-riscv64-gnu" "0.66.0"
    "@oxfmt/binding-linux-riscv64-musl" "0.66.0"
    "@oxfmt/binding-linux-s390x-gnu" "0.66.0"
    "@oxfmt/binding-linux-x64-gnu" "0.66.0"
    "@oxfmt/binding-linux-x64-musl" "0.66.0"
    "@oxfmt/binding-openharmony-arm64" "0.66.0"
    "@oxfmt/binding-win32-arm64-msvc" "0.66.0"
    "@oxfmt/binding-win32-ia32-msvc" "0.66.0"
    "@oxfmt/binding-win32-x64-msvc" "0.66.0"

oxlint-tsgolint@7.0.2001:
  version "7.0.2001"
  resolved "https://registry.yarnpkg.com/oxlint-tsgolint/-/oxlint-tsgolint-7.0.2001.tgz#19e17beda6c9d25d5ac6a1681bfece0502039311"
  integrity sha512-KjK/XLcXr1DSyonKhsuFqJRiuKqcyG9j3LJ8nkOsrLzGvodBPqzHOKauy10asLMDI0sUpvb+1sxlzff3udZvfg==
  optionalDependencies:
    "@oxlint-tsgolint/darwin-arm64" "7.0.2001"
    "@oxlint-tsgolint/darwin-x64" "7.0.2001"
    "@oxlint-tsgolint/linux-arm64" "7.0.2001"
    "@oxlint-tsgolint/linux-x64" "7.0.2001"
    "@oxlint-tsgolint/win32-arm64" "7.0.2001"
    "@oxlint-tsgolint/win32-x64" "7.0.2001"

oxlint@1.81.0:
  version "1.81.0"
  resolved "https://registry.yarnpkg.com/oxlint/-/oxlint-1.81.0.tgz#7b20ada29a171883de4517d041ea5b057fb48ab5"
  integrity sha512-HyrJYqeoOCL0iqaLEzGewGT48ZX99P3hxYh8udAF9RGGIghSamkXE4ClUyBpEDNqasamThgmlPbuMOe7SAZmHg==
  optionalDependencies:
    "@oxlint/binding-android-arm-eabi" "1.81.0"
    "@oxlint/binding-android-arm64" "1.81.0"
    "@oxlint/binding-darwin-arm64" "1.81.0"
    "@oxlint/binding-darwin-x64" "1.81.0"
    "@oxlint/binding-freebsd-x64" "1.81.0"
    "@oxlint/binding-linux-arm-gnueabihf" "1.81.0"
    "@oxlint/binding-linux-arm-musleabihf" "1.81.0"
    "@oxlint/binding-linux-arm64-gnu" "1.81.0"
    "@oxlint/binding-linux-arm64-musl" "1.81.0"
    "@oxlint/binding-linux-ppc64-gnu" "1.81.0"
    "@oxlint/binding-linux-riscv64-gnu" "1.81.0"
    "@oxlint/binding-linux-riscv64-musl" "1.81.0"
    "@oxlint/binding-linux-s390x-gnu" "1.81.0"
    "@oxlint/binding-linux-x64-gnu" "1.81.0"
    "@oxlint/binding-linux-x64-musl" "1.81.0"
    "@oxlint/binding-openharmony-arm64" "1.81.0"
    "@oxlint/binding-win32-arm64-msvc" "1.81.0"
    "@oxlint/binding-win32-ia32-msvc" "1.81.0"
    "@oxlint/binding-win32-x64-msvc" "1.81.0"

tinypool@2.1.0:
  version "2.1.0"
  resolved "https://registry.yarnpkg.com/tinypool/-/tinypool-2.1.0.tgz#303a671d6ef68d03c9512cdc9a47c86b8a85f20c"
  integrity sha512-Pugqs6M0m7Lv1I7FtxN4aoyToKg1C4tu+/381vH35y8oENM/Ai7f7C4StcoK4/+BSw9ebcS8jRiVrORFKCALLw==
